// !$*UTF8*$!
{
	archiveVersion = 1;
	classes = {
	};
	objectVersion = 56;
	objects = {

/* Begin PBXBuildFile section */
		BCF476522CECD89B003E89F0 /* SampleApp.swift in Sources */ = {isa = PBXBuildFile; fileRef = BCF476512CECD89B003E89F0 /* SampleApp.swift */; };
		BCF476542CECD89B003E89F0 /* ContentView.swift in Sources */ = {isa = PBXBuildFile; fileRef = BCF476532CECD89B003E89F0 /* ContentView.swift */; };
		BCF476562CECD89D003E89F0 /* Assets.xcassets in Resources */ = {isa = PBXBuildFile; fileRef = BCF476552CECD89D003E89F0 /* Assets.xcassets */; };
		BCF476592CECD89D003E89F0 /* Preview Assets.xcassets in Resources */ = {isa = PBXBuildFile; fileRef = BCF476582CECD89D003E89F0 /* Preview Assets.xcassets */; };
		BCF476632CECD89E003E89F0 /* SampleTests.swift in Sources */ = {isa = PBXBuildFile; fileRef = BCF476622CECD89E003E89F0 /* SampleTests.swift */; };
		BCF4766D2CECD89E003E89F0 /* SampleUITests.swift in Sources */ = {isa = PBXBuildFile; fileRef = BCF4766C2CECD89E003E89F0 /* SampleUITests.swift */; };
		BCF4766F2CECD89E003E89F0 /* SampleUITestsLaunchTests.swift in Sources */ = {isa = PBXBuildFile; fileRef = BCF4766E2CECD89E003E89F0 /* SampleUITestsLaunchTests.swift */; };
		BCF476822CECED48003E89F0 /* WidgetKit.framework in Frameworks */ = {isa = PBXBuildFile; fileRef = BCF476812CECED48003E89F0 /* WidgetKit.framework */; };
		BCF476842CECED48003E89F0 /* SwiftUI.framework in Frameworks */ = {isa = PBXBuildFile; fileRef = BCF476832CECED48003E89F0 /* SwiftUI.framework */; };
		BCF476872CECED48003E89F0 /* SamWidBundle.swift in Sources */ = {isa = PBXBuildFile; fileRef = BCF476862CECED48003E89F0 /* SamWidBundle.swift */; };
		BCF476892CECED48003E89F0 /* SamWidLiveActivity.swift in Sources */ = {isa = PBXBuildFile; fileRef = BCF476882CECED48003E89F0 /* SamWidLiveActivity.swift */; };
		BCF4768B2CECED48003E89F0 /* SamWid.swift in Sources */ = {isa = PBXBuildFile; fileRef = BCF4768A2CECED48003E89F0 /* SamWid.swift */; };
		BCF4768D2CECED49003E89F0 /* AppIntent.swift in Sources */ = {isa = PBXBuildFile; fileRef = BCF4768C2CECED48003E89F0 /* AppIntent.swift */; };
		BCF4768F2CECED4C003E89F0 /* Assets.xcassets in Resources */ = {isa = PBXBuildFile; fileRef = BCF4768E2CECED4C003E89F0 /* Assets.xcassets */; };
		BCF476932CECED4C003E89F0 /* SamWidExtension.appex in Embed Foundation Extensions */ = {isa = PBXBuildFile; fileRef = BCF4767F2CECED48003E89F0 /* SamWidExtension.appex */; settings = {ATTRIBUTES = (RemoveHeadersOnCopy, ); }; };
/* End PBXBuildFile section */

/* Begin PBXContainerItemProxy section */
		BCF4765F2CECD89E003E89F0 /* PBXContainerItemProxy */ = {
			isa = PBXContainerItemProxy;
			containerPortal = BCF476462CECD89B003E89F0 /* Project object */;
			proxyType = 1;
			remoteGlobalIDString = BCF4764D2CECD89B003E89F0;
			remoteInfo = Sample;
		};
		BCF476692CECD89E003E89F0 /* PBXContainerItemProxy */ = {
			isa = PBXContainerItemProxy;
			containerPortal = BCF476462CECD89B003E89F0 /* Project object */;
			proxyType = 1;
			remoteGlobalIDString = BCF4764D2CECD89B003E89F0;
			remoteInfo = Sample;
		};
		BCF476912CECED4C003E89F0 /* PBXContainerItemProxy */ = {
			isa = PBXContainerItemProxy;
			containerPortal = BCF476462CECD89B003E89F0 /* Project object */;
			proxyType = 1;
			remoteGlobalIDString = BCF4767E2CECED48003E89F0;
			remoteInfo = SamWidExtension;
		};
/* End PBXContainerItemProxy section */

/* Begin PBXCopyFilesBuildPhase section */
		BCF476972CECED4C003E89F0 /* Embed Foundation Extensions */ = {
			isa = PBXCopyFilesBuildPhase;
			buildActionMask = 2147483647;
			dstPath = "";
			dstSubfolderSpec = 13;
			files = (
				BCF476932CECED4C003E89F0 /* SamWidExtension.appex in Embed Foundation Extensions */,
			);
			name = "Embed Foundation Extensions";
			runOnlyForDeploymentPostprocessing = 0;
		};
/* End PBXCopyFilesBuildPhase section */

/* Begin PBXFileReference section */
		BCF4764E2CECD89B003E89F0 /* Sample.app */ = {isa = PBXFileReference; explicitFileType = wrapper.application; includeInIndex = 0; path = Sample.app; sourceTree = BUILT_PRODUCTS_DIR; };
		BCF476512CECD89B003E89F0 /* SampleApp.swift */ = {isa = PBXFileReference; lastKnownFileType = sourcecode.swift; path = SampleApp.swift; sourceTree = "<group>"; };
		BCF476532CECD89B003E89F0 /* ContentView.swift */ = {isa = PBXFileReference; lastKnownFileType = sourcecode.swift; path = ContentView.swift; sourceTree = "<group>"; };
		BCF476552CECD89D003E89F0 /* Assets.xcassets */ = {isa = PBXFileReference; lastKnownFileType = folder.assetcatalog; path = Assets.xcassets; sourceTree = "<group>"; };
		BCF476582CECD89D003E89F0 /* Preview Assets.xcassets */ = {isa = PBXFileReference; lastKnownFileType = folder.assetcatalog; path = "Preview Assets.xcassets"; sourceTree = "<group>"; };
		BCF4765E2CECD89E003E89F0 /* SampleTests.xctest */ = {isa = PBXFileReference; explicitFileType = wrapper.cfbundle; includeInIndex = 0; path = SampleTests.xctest; sourceTree = BUILT_PRODUCTS_DIR; };
		BCF476622CECD89E003E89F0 /* SampleTests.swift */ = {isa = PBXFileReference; lastKnownFileType = sourcecode.swift; path = SampleTests.swift; sourceTree = "<group>"; };
		BCF476682CECD89E003E89F0 /* SampleUITests.xctest */ = {isa = PBXFileReference; explicitFileType = wrapper.cfbundle; includeInIndex = 0; path = SampleUITests.xctest; sourceTree = BUILT_PRODUCTS_DIR; };
		BCF4766C2CECD89E003E89F0 /* SampleUITests.swift */ = {isa = PBXFileReference; lastKnownFileType = sourcecode.swift; path = SampleUITests.swift; sourceTree = "<group>"; };
		BCF4766E2CECD89E003E89F0 /* SampleUITestsLaunchTests.swift */ = {isa = PBXFileReference; lastKnownFileType = sourcecode.swift; path = SampleUITestsLaunchTests.swift; sourceTree = "<group>"; };
		BCF4767F2CECED48003E89F0 /* SamWidExtension.appex */ = {isa = PBXFileReference; explicitFileType = "wrapper.app-extension"; includeInIndex = 0; path = SamWidExtension.appex; sourceTree = BUILT_PRODUCTS_DIR; };
		BCF476812CECED48003E89F0 /* WidgetKit.framework */ = {isa = PBXFileReference; lastKnownFileType = wrapper.framework; name = WidgetKit.framework; path = System/Library/Frameworks/WidgetKit.framework; sourceTree = SDKROOT; };
		BCF476832CECED48003E89F0 /* SwiftUI.framework */ = {isa = PBXFileReference; lastKnownFileType = wrapper.framework; name = SwiftUI.framework; path = System/Library/Frameworks/SwiftUI.framework; sourceTree = SDKROOT; };
		BCF476862CECED48003E89F0 /* SamWidBundle.swift */ = {isa = PBXFileReference; lastKnownFileType = sourcecode.swift; path = SamWidBundle.swift; sourceTree = "<group>"; };
		BCF476882CECED48003E89F0 /* SamWidLiveActivity.swift */ = {isa = PBXFileReference; lastKnownFileType = sourcecode.swift; path = SamWidLiveActivity.swift; sourceTree = "<group>"; };
		BCF4768A2CECED48003E89F0 /* SamWid.swift */ = {isa = PBXFileReference; lastKnownFileType = sourcecode.swift; path = SamWid.swift; sourceTree = "<group>"; };
		BCF4768C2CECED48003E89F0 /* AppIntent.swift */ = {isa = PBXFileReference; lastKnownFileType = sourcecode.swift; path = AppIntent.swift; sourceTree = "<group>"; };
		BCF4768E2CECED4C003E89F0 /* Assets.xcassets */ = {isa = PBXFileReference; lastKnownFileType = folder.assetcatalog; path = Assets.xcassets; sourceTree = "<group>"; };
		BCF476902CECED4C003E89F0 /* Info.plist */ = {isa = PBXFileReference; lastKnownFileType = text.plist.xml; path = Info.plist; sourceTree = "<group>"; };
/* End PBXFileReference section */

/* Begin PBXFrameworksBuildPhase section */
		BCF4764B2CECD89B003E89F0 /* Frameworks */ = {
			isa = PBXFrameworksBuildPhase;
			buildActionMask = 2147483647;
			files = (
			);
			runOnlyForDeploymentPostprocessing = 0;
		};
		BCF4765B2CECD89E003E89F0 /* Frameworks */ = {
			isa = PBXFrameworksBuildPhase;
			buildActionMask = 2147483647;
			files = (
			);
			runOnlyForDeploymentPostprocessing = 0;
		};
		BCF476652CECD89E003E89F0 /* Frameworks */ = {
			isa = PBXFrameworksBuildPhase;
			buildActionMask = 2147483647;
			files = (
			);
			runOnlyForDeploymentPostprocessing = 0;
		};
		BCF4767C2CECED48003E89F0 /* Frameworks */ = {
			isa = PBXFrameworksBuildPhase;
			buildActionMask = 2147483647;
			files = (
				BCF476842CECED48003E89F0 /* SwiftUI.framework in Frameworks */,
				BCF476822CECED48003E89F0 /* WidgetKit.framework in Frameworks */,
			);
			runOnlyForDeploymentPostprocessing = 0;
		};
/* End PBXFrameworksBuildPhase section */

/* Begin PBXGroup section */
		BCF476452CECD89B003E89F0 = {
			isa = PBXGroup;
			children = (
				BCF476502CECD89B003E89F0 /* Sample */,
				BCF476612CECD89E003E89F0 /* SampleTests */,
				BCF4766B2CECD89E003E89F0 /* SampleUITests */,
				BCF476852CECED48003E89F0 /* SamWid */,
				BCF476802CECED48003E89F0 /* Frameworks */,
				BCF4764F2CECD89B003E89F0 /* Products */,
			);
			sourceTree = "<group>";
		};
		BCF4764F2CECD89B003E89F0 /* Products */ = {
			isa = PBXGroup;
			children = (
				BCF4764E2CECD89B003E89F0 /* Sample.app */,
				BCF4765E2CECD89E003E89F0 /* SampleTests.xctest */,
				BCF476682CECD89E003E89F0 /* SampleUITests.xctest */,
				BCF4767F2CECED48003E89F0 /* SamWidExtension.appex */,
			);
			name = Products;
			sourceTree = "<group>";
		};
		BCF476502CECD89B003E89F0 /* Sample */ = {
			isa = PBXGroup;
			children = (
				BCF476512CECD89B003E89F0 /* SampleApp.swift */,
				BCF476532CECD89B003E89F0 /* ContentView.swift */,
				BCF476552CECD89D003E89F0 /* Assets.xcassets */,
				BCF476572CECD89D003E89F0 /* Preview Content */,
			);
			path = Sample;
			sourceTree = "<group>";
		};
		BCF476572CECD89D003E89F0 /* Preview Content */ = {
			isa = PBXGroup;
			children = (
				BCF476582CECD89D003E89F0 /* Preview Assets.xcassets */,
			);
			path = "Preview Content";
			sourceTree = "<group>";
		};
		BCF476612CECD89E003E89F0 /* SampleTests */ = {
			isa = PBXGroup;
			children = (
				BCF476622CECD89E003E89F0 /* SampleTests.swift */,
			);
			path = SampleTests;
			sourceTree = "<group>";
		};
		BCF4766B2CECD89E003E89F0 /* SampleUITests */ = {
			isa = PBXGroup;
			children = (
				BCF4766C2CECD89E003E89F0 /* SampleUITests.swift */,
				BCF4766E2CECD89E003E89F0 /* SampleUITestsLaunchTests.swift */,
			);
			path = SampleUITests;
			sourceTree = "<group>";
		};
		BCF476802CECED48003E89F0 /* Frameworks */ = {
			isa = PBXGroup;
			children = (
				BCF476812CECED48003E89F0 /* WidgetKit.framework */,
				BCF476832CECED48003E89F0 /* SwiftUI.framework */,
			);
			name = Frameworks;
			sourceTree = "<group>";
		};
		BCF476852CECED48003E89F0 /* SamWid */ = {
			isa = PBXGroup;
			children = (
				BCF476862CECED48003E89F0 /* SamWidBundle.swift */,
				BCF476882CECED48003E89F0 /* SamWidLiveActivity.swift */,
				BCF4768A2CECED48003E89F0 /* SamWid.swift */,
				BCF4768C2CECED48003E89F0 /* AppIntent.swift */,
				BCF4768E2CECED4C003E89F0 /* Assets.xcassets */,
				BCF476902CECED4C003E89F0 /* Info.plist */,
			);
			path = SamWid;
			sourceTree = "<group>";
		};
/* End PBXGroup section */

/* Begin PBXNativeTarget section */
		BCF4764D2CECD89B003E89F0 /* Sample */ = {
			isa = PBXNativeTarget;
			buildConfigurationList = BCF476722CECD89E003E89F0 /* Build configuration list for PBXNativeTarget "Sample" */;
			buildPhases = (
				BCF4764A2CECD89B003E89F0 /* Sources */,
				BCF4764B2CECD89B003E89F0 /* Frameworks */,
				BCF4764C2CECD89B003E89F0 /* Resources */,
				BCF476972CECED4C003E89F0 /* Embed Foundation Extensions */,
			);
			buildRules = (
			);
			dependencies = (
				BCF476922CECED4C003E89F0 /* PBXTargetDependency */,
			);
			name = Sample;
			productName = Sample;
			productReference = BCF4764E2CECD89B003E89F0 /* Sample.app */;
			productType = "com.apple.product-type.application";
		};
		BCF4765D2CECD89E003E89F0 /* SampleTests */ = {
			isa = PBXNativeTarget;
			buildConfigurationList = BCF476752CECD89E003E89F0 /* Build configuration list for PBXNativeTarget "SampleTests" */;
			buildPhases = (
				BCF4765A2CECD89E003E89F0 /* Sources */,
				BCF4765B2CECD89E003E89F0 /* Frameworks */,
				BCF4765C2CECD89E003E89F0 /* Resources */,
			);
			buildRules = (
			);
			dependencies = (
				BCF476602CECD89E003E89F0 /* PBXTargetDependency */,
			);
			name = SampleTests;
			productName = SampleTests;
			productReference = BCF4765E2CECD89E003E89F0 /* SampleTests.xctest */;
			productType = "com.apple.product-type.bundle.unit-test";
		};
		BCF476672CECD89E003E89F0 /* SampleUITests */ = {
			isa = PBXNativeTarget;
			buildConfigurationList = BCF476782CECD89E003E89F0 /* Build configuration list for PBXNativeTarget "SampleUITests" */;
			buildPhases = (
				BCF476642CECD89E003E89F0 /* Sources */,
				BCF476652CECD89E003E89F0 /* Frameworks */,
				BCF476662CECD89E003E89F0 /* Resources */,
			);
			buildRules = (
			);
			dependencies = (
				BCF4766A2CECD89E003E89F0 /* PBXTargetDependency */,
			);
			name = SampleUITests;
			productName = SampleUITests;
			productReference = BCF476682CECD89E003E89F0 /* SampleUITests.xctest */;
			productType = "com.apple.product-type.bundle.ui-testing";
		};
		BCF4767E2CECED48003E89F0 /* SamWidExtension */ = {
			isa = PBXNativeTarget;
			buildConfigurationList = BCF476942CECED4C003E89F0 /* Build configuration list for PBXNativeTarget "SamWidExtension" */;
			buildPhases = (
				BCF4767B2CECED48003E89F0 /* Sources */,
				BCF4767C2CECED48003E89F0 /* Frameworks */,
				BCF4767D2CECED48003E89F0 /* Resources */,
			);
			buildRules = (
			);
			dependencies = (
			);
			name = SamWidExtension;
			productName = SamWidExtension;
			productReference = BCF4767F2CECED48003E89F0 /* SamWidExtension.appex */;
			productType = "com.apple.product-type.app-extension";
		};
/* End PBXNativeTarget section */

/* Begin PBXProject section */
		BCF476462CECD89B003E89F0 /* Project object */ = {
			isa = PBXProject;
			attributes = {
				BuildIndependentTargetsInParallel = 1;
				LastSwiftUpdateCheck = 1510;
				LastUpgradeCheck = 1510;
				TargetAttributes = {
					BCF4764D2CECD89B003E89F0 = {
						CreatedOnToolsVersion = 15.1;
					};
					BCF4765D2CECD89E003E89F0 = {
						CreatedOnToolsVersion = 15.1;
						TestTargetID = BCF4764D2CECD89B003E89F0;
					};
					BCF476672CECD89E003E89F0 = {
						CreatedOnToolsVersion = 15.1;
						TestTargetID = BCF4764D2CECD89B003E89F0;
					};
					BCF4767E2CECED48003E89F0 = {
						CreatedOnToolsVersion = 15.1;
					};
				};
			};
			buildConfigurationList = BCF476492CECD89B003E89F0 /* Build configuration list for PBXProject "Sample" */;
			compatibilityVersion = "Xcode 14.0";
			developmentRegion = en;
			hasScannedForEncodings = 0;
			knownRegions = (
				en,
				Base,
			);
			mainGroup = BCF476452CECD89B003E89F0;
			productRefGroup = BCF4764F2CECD89B003E89F0 /* Products */;
			projectDirPath = "";
			projectRoot = "";
			targets = (
				BCF4764D2CECD89B003E89F0 /* Sample */,
				BCF4765D2CECD89E003E89F0 /* SampleTests */,
				BCF476672CECD89E003E89F0 /* SampleUITests */,
				BCF4767E2CECED48003E89F0 /* SamWidExtension */,
			);
		};
/* End PBXProject section */

/* Begin PBXResourcesBuildPhase section */
		BCF4764C2CECD89B003E89F0 /* Resources */ = {
			isa = PBXResourcesBuildPhase;
			buildActionMask = 2147483647;
			files = (
				BCF476592CECD89D003E89F0 /* Preview Assets.xcassets in Resources */,
				BCF476562CECD89D003E89F0 /* Assets.xcassets in Resources */,
			);
			runOnlyForDeploymentPostprocessing = 0;
		};
		BCF4765C2CECD89E003E89F0 /* Resources */ = {
			isa = PBXResourcesBuildPhase;
			buildActionMask = 2147483647;
			files = (
			);
			runOnlyForDeploymentPostprocessing = 0;
		};
		BCF476662CECD89E003E89F0 /* Resources */ = {
			isa = PBXResourcesBuildPhase;
			buildActionMask = 2147483647;
			files = (
			);
			runOnlyForDeploymentPostprocessing = 0;
		};
		BCF4767D2CECED48003E89F0 /* Resources */ = {
			isa = PBXResourcesBuildPhase;
			buildActionMask = 2147483647;
			files = (
				BCF4768F2CECED4C003E89F0 /* Assets.xcassets in Resources */,
			);
			runOnlyForDeploymentPostprocessing = 0;
		};
/* End PBXResourcesBuildPhase section */

/* Begin PBXSourcesBuildPhase section */
		BCF4764A2CECD89B003E89F0 /* Sources */ = {
			isa = PBXSourcesBuildPhase;
			buildActionMask = 2147483647;
			files = (
				BCF476542CECD89B003E89F0 /* ContentView.swift in Sources */,
				BCF476522CECD89B003E89F0 /* SampleApp.swift in Sources */,
			);
			runOnlyForDeploymentPostprocessing = 0;
		};
		BCF4765A2CECD89E003E89F0 /* Sources */ = {
			isa = PBXSourcesBuildPhase;
			buildActionMask = 2147483647;
			files = (
				BCF476632CECD89E003E89F0 /* SampleTests.swift in Sources */,
			);
			runOnlyForDeploymentPostprocessing = 0;
		};
		BCF476642CECD89E003E89F0 /* Sources */ = {
			isa = PBXSourcesBuildPhase;
			buildActionMask = 2147483647;
			files = (
				BCF4766F2CECD89E003E89F0 /* SampleUITestsLaunchTests.swift in Sources */,
				BCF4766D2CECD89E003E89F0 /* SampleUITests.swift in Sources */,
			);
			runOnlyForDeploymentPostprocessing = 0;
		};
		BCF4767B2CECED48003E89F0 /* Sources */ = {
			isa = PBXSourcesBuildPhase;
			buildActionMask = 2147483647;
			files = (
				BCF4768B2CECED48003E89F0 /* SamWid.swift in Sources */,
				BCF4768D2CECED49003E89F0 /* AppIntent.swift in Sources */,
				BCF476872CECED48003E89F0 /* SamWidBundle.swift in Sources */,
				BCF476892CECED48003E89F0 /* SamWidLiveActivity.swift in Sources */,
			);
			runOnlyForDeploymentPostprocessing = 0;
		};
/* End PBXSourcesBuildPhase section */

/* Begin PBXTargetDependency section */
		BCF476602CECD89E003E89F0 /* PBXTargetDependency */ = {
			isa = PBXTargetDependency;
			target = BCF4764D2CECD89B003E89F0 /* Sample */;
			targetProxy = BCF4765F2CECD89E003E89F0 /* PBXContainerItemProxy */;
		};
		BCF4766A2CECD89E003E89F0 /* PBXTargetDependency */ = {
			isa = PBXTargetDependency;
			target = BCF4764D2CECD89B003E89F0 /* Sample */;
			targetProxy = BCF476692CECD89E003E89F0 /* PBXContainerItemProxy */;
		};
		BCF476922CECED4C003E89F0 /* PBXTargetDependency */ = {
			isa = PBXTargetDependency;
			target = BCF4767E2CECED48003E89F0 /* SamWidExtension */;
			targetProxy = BCF476912CECED4C003E89F0 /* PBXContainerItemProxy */;
		};
/* End PBXTargetDependency section */

/* Begin XCBuildConfiguration section */
		BCF476702CECD89E003E89F0 /* Debug */ = {
			isa = XCBuildConfiguration;
			buildSettings = {
				ALWAYS_SEARCH_USER_PATHS = NO;
				ASSETCATALOG_COMPILER_GENERATE_SWIFT_ASSET_SYMBOL_EXTENSIONS = YES;
				CLANG_ANALYZER_NONNULL = YES;
				CLANG_ANALYZER_NUMBER_OBJECT_CONVERSION = YES_AGGRESSIVE;
				CLANG_CXX_LANGUAGE_STANDARD = "gnu++20";
				CLANG_ENABLE_MODULES = YES;
				CLANG_ENABLE_OBJC_ARC = YES;
				CLANG_ENABLE_OBJC_WEAK = YES;
				CLANG_WARN_BLOCK_CAPTURE_AUTORELEASING = YES;
				CLANG_WARN_BOOL_CONVERSION = YES;
				CLANG_WARN_COMMA = YES;
				CLANG_WARN_CONSTANT_CONVERSION = YES;
				CLANG_WARN_DEPRECATED_OBJC_IMPLEMENTATIONS = YES;
				CLANG_WARN_DIRECT_OBJC_ISA_USAGE = YES_ERROR;
				CLANG_WARN_DOCUMENTATION_COMMENTS = YES;
				CLANG_WARN_EMPTY_BODY = YES;
				CLANG_WARN_ENUM_CONVERSION = YES;
				CLANG_WARN_INFINITE_RECURSION = YES;
				CLANG_WARN_INT_CONVERSION = YES;
				CLANG_WARN_NON_LITERAL_NULL_CONVERSION = YES;
				CLANG_WARN_OBJC_IMPLICIT_RETAIN_SELF = YES;
				CLANG_WARN_OBJC_LITERAL_CONVERSION = YES;
				CLANG_WARN_OBJC_ROOT_CLASS = YES_ERROR;
				CLANG_WARN_QUOTED_INCLUDE_IN_FRAMEWORK_HEADER = YES;
				CLANG_WARN_RANGE_LOOP_ANALYSIS = YES;
				CLANG_WARN_STRICT_PROTOTYPES = YES;
				CLANG_WARN_SUSPICIOUS_MOVE = YES;
				CLANG_WARN_UNGUARDED_AVAILABILITY = YES_AGGRESSIVE;
				CLANG_WARN_UNREACHABLE_CODE = YES;
				CLANG_WARN__DUPLICATE_METHOD_MATCH = YES;
				COPY_PHASE_STRIP = NO;
				DEBUG_INFORMATION_FORMAT = dwarf;
				ENABLE_STRICT_OBJC_MSGSEND = YES;
				ENABLE_TESTABILITY = YES;
				ENABLE_USER_SCRIPT_SANDBOXING = YES;
				GCC_C_LANGUAGE_STANDARD = gnu17;
				GCC_DYNAMIC_NO_PIC = NO;
				GCC_NO_COMMON_BLOCKS = YES;
				GCC_OPTIMIZATION_LEVEL = 0;
				GCC_PREPROCESSOR_DEFINITIONS = (
					"DEBUG=1",
					"$(inherited)",
				);
				GCC_WARN_64_TO_32_BIT_CONVERSION = YES;
				GCC_WARN_ABOUT_RETURN_TYPE = YES_ERROR;
				GCC_WARN_UNDECLARED_SELECTOR = YES;
				GCC_WARN_UNINITIALIZED_AUTOS = YES_AGGRESSIVE;
				GCC_WARN_UNUSED_FUNCTION = YES;
				GCC_WARN_UNUSED_VARIABLE = YES;
				IPHONEOS_DEPLOYMENT_TARGET = 17.2;
				LOCALIZATION_PREFERS_STRING_CATALOGS = YES;
				MTL_ENABLE_DEBUG_INFO = INCLUDE_SOURCE;
				MTL_FAST_MATH = YES;
				ONLY_ACTIVE_ARCH = YES;
				SDKROOT = iphoneos;
				SWIFT_ACTIVE_COMPILATION_CONDITIONS = "DEBUG $(inherited)";
				SWIFT_OPTIMIZATION_LEVEL = "-Onone";
			};
			name = Debug;
		};
		BCF476712CECD89E003E89F0 /* Release */ = {
			isa = XCBuildConfiguration;
			buildSettings = {
				ALWAYS_SEARCH_USER_PATHS = NO;
				ASSETCATALOG_COMPILER_GENERATE_SWIFT_ASSET_SYMBOL_EXTENSIONS = YES;
				CLANG_ANALYZER_NONNULL = YES;
				CLANG_ANALYZER_NUMBER_OBJECT_CONVERSION = YES_AGGRESSIVE;
				CLANG_CXX_LANGUAGE_STANDARD = "gnu++20";
				CLANG_ENABLE_MODULES = YES;
				CLANG_ENABLE_OBJC_ARC = YES;
				CLANG_ENABLE_OBJC_WEAK = YES;
				CLANG_WARN_BLOCK_CAPTURE_AUTORELEASING = YES;
				CLANG_WARN_BOOL_CONVERSION = YES;
				CLANG_WARN_COMMA = YES;
				CLANG_WARN_CONSTANT_CONVERSION = YES;
				CLANG_WARN_DEPRECATED_OBJC_IMPLEMENTATIONS = YES;
				CLANG_WARN_DIRECT_OBJC_ISA_USAGE = YES_ERROR;
				CLANG_WARN_DOCUMENTATION_COMMENTS = YES;
				CLANG_WARN_EMPTY_BODY = YES;
				CLANG_WARN_ENUM_CONVERSION = YES;
				CLANG_WARN_INFINITE_RECURSION = YES;
				CLANG_WARN_INT_CONVERSION = YES;
				CLANG_WARN_NON_LITERAL_NULL_CONVERSION = YES;
				CLANG_WARN_OBJC_IMPLICIT_RETAIN_SELF = YES;
				CLANG_WARN_OBJC_LITERAL_CONVERSION = YES;
				CLANG_WARN_OBJC_ROOT_CLASS = YES_ERROR;
				CLANG_WARN_QUOTED_INCLUDE_IN_FRAMEWORK_HEADER = YES;
				CLANG_WARN_RANGE_LOOP_ANALYSIS = YES;
				CLANG_WARN_STRICT_PROTOTYPES = YES;
				CLANG_WARN_SUSPICIOUS_MOVE = YES;
				CLANG_WARN_UNGUARDED_AVAILABILITY = YES_AGGRESSIVE;
				CLANG_WARN_UNREACHABLE_CODE = YES;
				CLANG_WARN__DUPLICATE_METHOD_MATCH = YES;
				COPY_PHASE_STRIP = NO;
				DEBUG_INFORMATION_FORMAT = "dwarf-with-dsym";
				ENABLE_NS_ASSERTIONS = NO;
				ENABLE_STRICT_OBJC_MSGSEND = YES;
				ENABLE_USER_SCRIPT_SANDBOXING = YES;
				GCC_C_LANGUAGE_STANDARD = gnu17;
				GCC_NO_COMMON_BLOCKS = YES;
				GCC_WARN_64_TO_32_BIT_CONVERSION = YES;
				GCC_WARN_ABOUT_RETURN_TYPE = YES_ERROR;
				GCC_WARN_UNDECLARED_SELECTOR = YES;
				GCC_WARN_UNINITIALIZED_AUTOS = YES_AGGRESSIVE;
				GCC_WARN_UNUSED_FUNCTION = YES;
				GCC_WARN_UNUSED_VARIABLE = YES;
				IPHONEOS_DEPLOYMENT_TARGET = 17.2;
				LOCALIZATION_PREFERS_STRING_CATALOGS = YES;
				MTL_ENABLE_DEBUG_INFO = NO;
				MTL_FAST_MATH = YES;
				SDKROOT = iphoneos;
				SWIFT_COMPILATION_MODE = wholemodule;
				VALIDATE_PRODUCT = YES;
			};
			name = Release;
		};
		BCF476732CECD89E003E89F0 /* Debug */ = {
			isa = XCBuildConfiguration;
			buildSettings = {
				ALWAYS_EMBED_SWIFT_STANDARD_LIBRARIES = YES;
				ASSETCATALOG_COMPILER_APPICON_NAME = AppIcon;
				ASSETCATALOG_COMPILER_GLOBAL_ACCENT_COLOR_NAME = AccentColor;
				CODE_SIGN_STYLE = Automatic;
				CURRENT_PROJECT_VERSION = 1;
				DEVELOPMENT_ASSET_PATHS = "\"Sample/Preview Content\"";
				DEVELOPMENT_TEAM = 2AG62S6R8X;
				ENABLE_PREVIEWS = YES;
				GENERATE_INFOPLIST_FILE = YES;
				INFOPLIST_KEY_UIApplicationSceneManifest_Generation = YES;
				INFOPLIST_KEY_UIApplicationSupportsIndirectInputEvents = YES;
				INFOPLIST_KEY_UILaunchScreen_Generation = YES;
				INFOPLIST_KEY_UISupportedInterfaceOrientations_iPad = "UIInterfaceOrientationPortrait UIInterfaceOrientationPortraitUpsideDown UIInterfaceOrientationLandscapeLeft UIInterfaceOrientationLandscapeRight";
				INFOPLIST_KEY_UISupportedInterfaceOrientations_iPhone = "UIInterfaceOrientationPortrait UIInterfaceOrientationLandscapeLeft UIInterfaceOrientationLandscapeRight";
				LD_RUNPATH_SEARCH_PATHS = (
					"$(inherited)",
					"@executable_path/Frameworks",
				);
				MARKETING_VERSION = 1.0;
				PRODUCT_BUNDLE_IDENTIFIER = jp.co.hyt.Sample;
				PRODUCT_NAME = "$(TARGET_NAME)";
				SWIFT_EMIT_LOC_STRINGS = YES;
				SWIFT_VERSION = 5.0;
				TARGETED_DEVICE_FAMILY = "1,2";
			};
			name = Debug;
		};
		BCF476742CECD89E003E89F0 /* Release */ = {
			isa = XCBuildConfiguration;
			buildSettings = {
				ALWAYS_EMBED_SWIFT_STANDARD_LIBRARIES = YES;
				ASSETCATALOG_COMPILER_APPICON_NAME = AppIcon;
				ASSETCATALOG_COMPILER_GLOBAL_ACCENT_COLOR_NAME = AccentColor;
				CODE_SIGN_STYLE = Automatic;
				CURRENT_PROJECT_VERSION = 1;
				DEVELOPMENT_ASSET_PATHS = "\"Sample/Preview Content\"";
				DEVELOPMENT_TEAM = 2AG62S6R8X;
				ENABLE_PREVIEWS = YES;
				GENERATE_INFOPLIST_FILE = YES;
				INFOPLIST_KEY_UIApplicationSceneManifest_Generation = YES;
				INFOPLIST_KEY_UIApplicationSupportsIndirectInputEvents = YES;
				INFOPLIST_KEY_UILaunchScreen_Generation = YES;
				INFOPLIST_KEY_UISupportedInterfaceOrientations_iPad = "UIInterfaceOrientationPortrait UIInterfaceOrientationPortraitUpsideDown UIInterfaceOrientationLandscapeLeft UIInterfaceOrientationLandscapeRight";
				INFOPLIST_KEY_UISupportedInterfaceOrientations_iPhone = "UIInterfaceOrientationPortrait UIInterfaceOrientationLandscapeLeft UIInterfaceOrientationLandscapeRight";
				LD_RUNPATH_SEARCH_PATHS = (
					"$(inherited)",
					"@executable_path/Frameworks",
				);
				MARKETING_VERSION = 1.0;
				PRODUCT_BUNDLE_IDENTIFIER = jp.co.hyt.Sample;
				PRODUCT_NAME = "$(TARGET_NAME)";
				SWIFT_EMIT_LOC_STRINGS = YES;
				SWIFT_VERSION = 5.0;
				TARGETED_DEVICE_FAMILY = "1,2";
			};
			name = Release;
		};
		BCF476762CECD89E003E89F0 /* Debug */ = {
			isa = XCBuildConfiguration;
			buildSettings = {
				ALWAYS_EMBED_SWIFT_STANDARD_LIBRARIES = YES;
				BUNDLE_LOADER = "$(TEST_HOST)";
				CODE_SIGN_STYLE = Automatic;
				CURRENT_PROJECT_VERSION = 1;
				DEVELOPMENT_TEAM = 2AG62S6R8X;
				GENERATE_INFOPLIST_FILE = YES;
				IPHONEOS_DEPLOYMENT_TARGET = 17.2;
				MARKETING_VERSION = 1.0;
				PRODUCT_BUNDLE_IDENTIFIER = jp.co.hyt.SampleTests;
				PRODUCT_NAME = "$(TARGET_NAME)";
				SWIFT_EMIT_LOC_STRINGS = NO;
				SWIFT_VERSION = 5.0;
				TARGETED_DEVICE_FAMILY = "1,2";
				TEST_HOST = "$(BUILT_PRODUCTS_DIR)/Sample.app/$(BUNDLE_EXECUTABLE_FOLDER_PATH)/Sample";
			};
			name = Debug;
		};
		BCF476772CECD89E003E89F0 /* Release */ = {
			isa = XCBuildConfiguration;
			buildSettings = {
				ALWAYS_EMBED_SWIFT_STANDARD_LIBRARIES = YES;
				BUNDLE_LOADER = "$(TEST_HOST)";
				CODE_SIGN_STYLE = Automatic;
				CURRENT_PROJECT_VERSION = 1;
				DEVELOPMENT_TEAM = 2AG62S6R8X;
				GENERATE_INFOPLIST_FILE = YES;
				IPHONEOS_DEPLOYMENT_TARGET = 17.2;
				MARKETING_VERSION = 1.0;
				PRODUCT_BUNDLE_IDENTIFIER = jp.co.hyt.SampleTests;
				PRODUCT_NAME = "$(TARGET_NAME)";
				SWIFT_EMIT_LOC_STRINGS = NO;
				SWIFT_VERSION = 5.0;
				TARGETED_DEVICE_FAMILY = "1,2";
				TEST_HOST = "$(BUILT_PRODUCTS_DIR)/Sample.app/$(BUNDLE_EXECUTABLE_FOLDER_PATH)/Sample";
			};
			name = Release;
		};
		BCF476792CECD89E003E89F0 /* Debug */ = {
			isa = XCBuildConfiguration;
			buildSettings = {
				ALWAYS_EMBED_SWIFT_STANDARD_LIBRARIES = YES;
				CODE_SIGN_STYLE = Automatic;
				CURRENT_PROJECT_VERSION = 1;
				DEVELOPMENT_TEAM = 2AG62S6R8X;
				GENERATE_INFOPLIST_FILE = YES;
				MARKETING_VERSION = 1.0;
				PRODUCT_BUNDLE_IDENTIFIER = jp.co.hyt.SampleUITests;
				PRODUCT_NAME = "$(TARGET_NAME)";
				SWIFT_EMIT_LOC_STRINGS = NO;
				SWIFT_VERSION = 5.0;
				TARGETED_DEVICE_FAMILY = "1,2";
				TEST_TARGET_NAME = Sample;
			};
			name = Debug;
		};
		BCF4767A2CECD89E003E89F0 /* Release */ = {
			isa = XCBuildConfiguration;
			buildSettings = {
				ALWAYS_EMBED_SWIFT_STANDARD_LIBRARIES = YES;
				CODE_SIGN_STYLE = Automatic;
				CURRENT_PROJECT_VERSION = 1;
				DEVELOPMENT_TEAM = 2AG62S6R8X;
				GENERATE_INFOPLIST_FILE = YES;
				MARKETING_VERSION = 1.0;
				PRODUCT_BUNDLE_IDENTIFIER = jp.co.hyt.SampleUITests;
				PRODUCT_NAME = "$(TARGET_NAME)";
				SWIFT_EMIT_LOC_STRINGS = NO;
				SWIFT_VERSION = 5.0;
				TARGETED_DEVICE_FAMILY = "1,2";
				TEST_TARGET_NAME = Sample;
			};
			name = Release;
		};
		BCF476952CECED4C003E89F0 /* Debug */ = {
			isa = XCBuildConfiguration;
			buildSettings = {
				ASSETCATALOG_COMPILER_GLOBAL_ACCENT_COLOR_NAME = AccentColor;
				ASSETCATALOG_COMPILER_WIDGET_BACKGROUND_COLOR_NAME = WidgetBackground;
				CODE_SIGN_STYLE = Automatic;
				CURRENT_PROJECT_VERSION = 1;
				DEVELOPMENT_TEAM = 2AG62S6R8X;
				GENERATE_INFOPLIST_FILE = YES;
				INFOPLIST_FILE = SamWid/Info.plist;
				INFOPLIST_KEY_CFBundleDisplayName = SamWid;
				INFOPLIST_KEY_NSHumanReadableCopyright = "";
				LD_RUNPATH_SEARCH_PATHS = (
					"$(inherited)",
					"@executable_path/Frameworks",
					"@executable_path/../../Frameworks",
				);
				MARKETING_VERSION = 1.0;
				PRODUCT_BUNDLE_IDENTIFIER = jp.co.hyt.Sample.SamWid;
				PRODUCT_NAME = "$(TARGET_NAME)";
				SKIP_INSTALL = YES;
				SWIFT_EMIT_LOC_STRINGS = YES;
				SWIFT_VERSION = 5.0;
				TARGETED_DEVICE_FAMILY = "1,2";
			};
			name = Debug;
		};
		BCF476962CECED4C003E89F0 /* Release */ = {
			isa = XCBuildConfiguration;
			buildSettings = {
				ASSETCATALOG_COMPILER_GLOBAL_ACCENT_COLOR_NAME = AccentColor;
				ASSETCATALOG_COMPILER_WIDGET_BACKGROUND_COLOR_NAME = WidgetBackground;
				CODE_SIGN_STYLE = Automatic;
				CURRENT_PROJECT_VERSION = 1;
				DEVELOPMENT_TEAM = 2AG62S6R8X;
				GENERATE_INFOPLIST_FILE = YES;
				INFOPLIST_FILE = SamWid/Info.plist;
				INFOPLIST_KEY_CFBundleDisplayName = SamWid;
				INFOPLIST_KEY_NSHumanReadableCopyright = "";
				LD_RUNPATH_SEARCH_PATHS = (
					"$(inherited)",
					"@executable_path/Frameworks",
					"@executable_path/../../Frameworks",
				);
				MARKETING_VERSION = 1.0;
				PRODUCT_BUNDLE_IDENTIFIER = jp.co.hyt.Sample.SamWid;
				PRODUCT_NAME = "$(TARGET_NAME)";
				SKIP_INSTALL = YES;
				SWIFT_EMIT_LOC_STRINGS = YES;
				SWIFT_VERSION = 5.0;
				TARGETED_DEVICE_FAMILY = "1,2";
			};
			name = Release;
		};
/* End XCBuildConfiguration section */

/* Begin XCConfigurationList section */
		BCF476492CECD89B003E89F0 /* Build configuration list for PBXProject "Sample" */ = {
			isa = XCConfigurationList;
			buildConfigurations = (
				BCF476702CECD89E003E89F0 /* Debug */,
				BCF476712CECD89E003E89F0 /* Release */,
			);
			defaultConfigurationIsVisible = 0;
			defaultConfigurationName = Release;
		};
		BCF476722CECD89E003E89F0 /* Build configuration list for PBXNativeTarget "Sample" */ = {
			isa = XCConfigurationList;
			buildConfigurations = (
				BCF476732CECD89E003E89F0 /* Debug */,
				BCF476742CECD89E003E89F0 /* Release */,
			);
			defaultConfigurationIsVisible = 0;
			defaultConfigurationName = Release;
		};
		BCF476752CECD89E003E89F0 /* Build configuration list for PBXNativeTarget "SampleTests" */ = {
			isa = XCConfigurationList;
			buildConfigurations = (
				BCF476762CECD89E003E89F0 /* Debug */,
				BCF476772CECD89E003E89F0 /* Release */,
			);
			defaultConfigurationIsVisible = 0;
			defaultConfigurationName = Release;
		};
		BCF476782CECD89E003E89F0 /* Build configuration list for PBXNativeTarget "SampleUITests" */ = {
			isa = XCConfigurationList;
			buildConfigurations = (
				BCF476792CECD89E003E89F0 /* Debug */,
				BCF4767A2CECD89E003E89F0 /* Release */,
			);
			defaultConfigurationIsVisible = 0;
			defaultConfigurationName = Release;
		};
		BCF476942CECED4C003E89F0 /* Build configuration list for PBXNativeTarget "SamWidExtension" */ = {
			isa = XCConfigurationList;
			buildConfigurations = (
				BCF476952CECED4C003E89F0 /* Debug */,
				BCF476962CECED4C003E89F0 /* Release */,
			);
			defaultConfigurationIsVisible = 0;
			defaultConfigurationName = Release;
		};
/* End XCConfigurationList section */
	};
	rootObject = BCF476462CECD89B003E89F0 /* Project object */;
}
